Microsoft Visual Studio Solution File, Format Version 11.00
# Visual Studio 2008

Project("{7EAAE3D1-CD86-B124-A66A-CAB150D4A168}") = "Forgotten Alchemist", "Assembly-CSharp.csproj", "{5ABA984A-B181-06FB-D114-FAA438F5FDD7}"
EndProject
Global
	GlobalSection(SolutionConfigurationPlatforms) = preSolution
		Debug|Any CPU = Debug|Any CPU
		Release|Any CPU = Release|Any CPU
	EndGlobalSection
	GlobalSection(ProjectConfigurationPlatforms) = postSolution
		{5ABA984A-B181-06FB-D114-FAA438F5FDD7}.Debug|Any CPU.ActiveCfg = Debug|Any CPU
		{5ABA984A-B181-06FB-D114-FAA438F5FDD7}.Debug|Any CPU.Build.0 = Debug|Any CPU
		{5ABA984A-B181-06FB-D114-FAA438F5FDD7}.Release|Any CPU.ActiveCfg = Release|Any CPU
		{5ABA984A-B181-06FB-D114-FAA438F5FDD7}.Release|Any CPU.Build.0 = Release|Any CPU
	EndGlobalSection
	GlobalSection(SolutionProperties) = preSolution
		HideSolutionNode = FALSE
	EndGlobalSection
	GlobalSection(MonoDevelopProperties) = preSolution
		StartupItem = Assembly-CSharp.csproj
	EndGlobalSection
EndGlobal
